
Microsoft Visual Studio Solution File, Format Version 12.00
# Visual Studio 14
VisualStudioVersion = 14.0.25420.1
MinimumVisualStudioVersion = 10.0.40219.1
Project("{FAE04EC0-301F-11D3-BF4B-00C04F79EFBC}") = "VATaskDocment", "VATaskDocment\VATaskDocment.csproj", "{E3371BFD-6706-4749-AFFA-B2DD2CC9D417}"
EndProject
Project("{FAE04EC0-301F-11D3-BF4B-00C04F79EFBC}") = "ChangePassword", "ChangePassword\ChangePassword.csproj", "{B739F32E-9184-4083-BDD2-34339BF0318E}"
EndProject
Project("{FAE04EC0-301F-11D3-BF4B-00C04F79EFBC}") = "CreativeAppraise", "CreativeAppraise\CreativeAppraise.csproj", "{178A241D-CFC6-46F8-9F5A-29F702C1B3C9}"
EndProject
Project("{FAE04EC0-301F-11D3-BF4B-00C04F79EFBC}") = "DepartmentPhotoList", "DepartmentPhotoList\DepartmentPhotoList.csproj", "{2CEE0D01-7584-435A-B7DC-C4EEF6C3BA5B}"
EndProject
Project("{FAE04EC0-301F-11D3-BF4B-00C04F79EFBC}") = "DeptNews", "DeptNews\DeptNews.csproj", "{A600BA4D-F2E9-4BFA-86CD-E5FCDF256262}"
EndProject
Project("{FAE04EC0-301F-11D3-BF4B-00C04F79EFBC}") = "FSCWebParts", "FSCWebParts\FSCWebParts.csproj", "{2B62BDC2-A614-434E-B416-C5FBCA082A33}"
EndProject
Project("{FAE04EC0-301F-11D3-BF4B-00C04F79EFBC}") = "GenOrg", "GenOrg\GenOrg.csproj", "{4BD585CB-A090-4049-A4A6-5135FF08E925}"
EndProject
Project("{FAE04EC0-301F-11D3-BF4B-00C04F79EFBC}") = "ItemApportion", "ItemApportion\ItemApportion.csproj", "{44ED7B8F-AE11-4E4B-B9B7-B0F1192BBC6E}"
EndProject
Project("{FAE04EC0-301F-11D3-BF4B-00C04F79EFBC}") = "LeaveApproval", "LeaveApproval\LeaveApproval.csproj", "{A3728C7A-07B1-4286-B458-53C0D1A9B20C}"
EndProject
Project("{FAE04EC0-301F-11D3-BF4B-00C04F79EFBC}") = "LeaveEvent", "LeaveEvent\LeaveEvent.csproj", "{8DBE4423-3BE9-4523-B941-01FEF5494072}"
EndProject
Project("{FAE04EC0-301F-11D3-BF4B-00C04F79EFBC}") = "ListSync", "ListSync\ListSync.csproj", "{7EF8B540-D986-4688-B586-F593A975DA88}"
EndProject
Project("{FAE04EC0-301F-11D3-BF4B-00C04F79EFBC}") = "NewsApproval", "NewsApproval\NewsApproval.csproj", "{4071E4AF-F467-4A2D-9806-8199A7CCDD0C}"
EndProject
Project("{FAE04EC0-301F-11D3-BF4B-00C04F79EFBC}") = "NewsPhotoShow", "NewsPhotoShow\NewsPhotoShow.csproj", "{7A367857-54FD-4610-A68C-58913D83D67F}"
EndProject
Project("{FAE04EC0-301F-11D3-BF4B-00C04F79EFBC}") = "NewsPhotoShowWithText", "NewsPhotoShowWithText\NewsPhotoShowWithText.csproj", "{ABBD41EA-464F-4D61-8DB0-6EA222CFBDBC}"
EndProject
Project("{FAE04EC0-301F-11D3-BF4B-00C04F79EFBC}") = "NewsPicturesShow", "NewsPicturesShow\NewsPicturesShow.csproj", "{70627569-6494-4487-A330-BD2D9851FD6F}"
EndProject
Project("{FAE04EC0-301F-11D3-BF4B-00C04F79EFBC}") = "OnlineVote", "OnlineVote\OnlineVote.csproj", "{136DA34F-0FBF-4B50-BF9B-34F983A95921}"
EndProject
Project("{FAE04EC0-301F-11D3-BF4B-00C04F79EFBC}") = "PerformanceAudit", "PerformanceAudit\PerformanceAudit.csproj", "{29C21428-5A18-45C0-8F13-1D998DD478A1}"
EndProject
Project("{FAE04EC0-301F-11D3-BF4B-00C04F79EFBC}") = "PerformanceList", "PerformanceList\PerformanceList.csproj", "{5D7F68B5-5B2D-4F4F-A652-0D1A098E8FC2}"
EndProject
Project("{FAE04EC0-301F-11D3-BF4B-00C04F79EFBC}") = "PerformanceWrite", "PerformanceWrite\PerformanceWrite.csproj", "{A0F05C83-A9AE-47D8-966C-60D11C710FD2}"
EndProject
Project("{FAE04EC0-301F-11D3-BF4B-00C04F79EFBC}") = "PictureShow", "PictureShow\PictureShow.csproj", "{B25AF3D2-8301-44D9-B6BE-969989605BEB}"
EndProject
Project("{FAE04EC0-301F-11D3-BF4B-00C04F79EFBC}") = "RegisterUser", "RegisterUser\RegisterUser.csproj", "{59BFD0B6-A609-4BEB-B15B-68B9BB6D454C}"
EndProject
Project("{FAE04EC0-301F-11D3-BF4B-00C04F79EFBC}") = "ScrollNewsPT", "ScrollNewsPT\ScrollNewsPT.csproj", "{1D0F2AC8-2107-4D4F-B4F5-FEE9E117D7C8}"
EndProject
Project("{FAE04EC0-301F-11D3-BF4B-00C04F79EFBC}") = "ShowNewsScroll", "ShowNewsScroll\ShowNewsScroll.csproj", "{1429E9EC-5A88-4EB1-81BE-48CED5073B7E}"
EndProject
Project("{FAE04EC0-301F-11D3-BF4B-00C04F79EFBC}") = "SmartNEU", "SmartNEU\SmartNEU.csproj", "{366D8319-1246-4221-8EEC-E07AEDC0B0D0}"
EndProject
Project("{FAE04EC0-301F-11D3-BF4B-00C04F79EFBC}") = "SmartNEUEntrollEvent", "SmartNEUEntrollEvent\SmartNEUEntrollEvent.csproj", "{0A11D6A6-769D-40F5-8257-CC6C4A94B802}"
EndProject
Project("{FAE04EC0-301F-11D3-BF4B-00C04F79EFBC}") = "SPListAttachments", "SPListAttachments\SPListAttachments.csproj", "{58EFBCA4-C1E7-4BE1-B25B-016DAEAE140A}"
EndProject
Project("{FAE04EC0-301F-11D3-BF4B-00C04F79EFBC}") = "SPListToExcel", "SPListToExcel\SPListToExcel.csproj", "{1B49916B-99BE-47FC-B01C-61F8C4AC93A8}"
EndProject
Project("{FAE04EC0-301F-11D3-BF4B-00C04F79EFBC}") = "UploadAttachment", "UploadAttachment\UploadAttachment.csproj", "{A3A8805D-708B-4CE4-9FC5-F192EF9896FD}"
EndProject
Project("{FAE04EC0-301F-11D3-BF4B-00C04F79EFBC}") = "VAStateIndicator", "VAStateIndicator\VAStateIndicator.csproj", "{CA1C6078-9E3B-4BAF-9D6D-2AF2170C8E65}"
EndProject
Project("{FAE04EC0-301F-11D3-BF4B-00C04F79EFBC}") = "VATaskWebPart", "VATaskWebPart\VATaskWebPart.csproj", "{F81DD654-A0B6-4FE3-8CFB-EA1CE45C87D9}"
EndProject
Project("{FAE04EC0-301F-11D3-BF4B-00C04F79EFBC}") = "WorkEvaluate", "WorkEvaluate\WorkEvaluate.csproj", "{FFE65426-76A3-4577-873E-2AFD08CA08E0}"
EndProject
Project("{FAE04EC0-301F-11D3-BF4B-00C04F79EFBC}") = "WriteNewsDept", "WriteNewsDept\WriteNewsDept.csproj", "{71AF2556-6976-4593-81DD-7B8ED1427866}"
EndProject
Project("{2150E333-8FDC-42A3-9474-1A3956D46DE8}") = "Solution Items", "Solution Items", "{C4EFE939-EF2A-4E96-BE0C-A914C8BE8D1E}"
	ProjectSection(SolutionItems) = preProject
		dll\ICSharpCode.SharpZipLib.dll = dll\ICSharpCode.SharpZipLib.dll
		dll\lemmatizerDLL.dll = dll\lemmatizerDLL.dll
		dll\NPOI.dll = dll\NPOI.dll
		dll\NPOI.OOXML.dll = dll\NPOI.OOXML.dll
		dll\NPOI.OpenXml4Net.dll = dll\NPOI.OpenXml4Net.dll
		dll\NPOI.OpenXmlFormats.dll = dll\NPOI.OpenXmlFormats.dll
		dll\NPOI.XML = dll\NPOI.XML
		dll\Whidsoft.WebControls.OrgChart.dll = dll\Whidsoft.WebControls.OrgChart.dll
	EndProjectSection
EndProject
Project("{FAE04EC0-301F-11D3-BF4B-00C04F79EFBC}") = "VADocumentsDownload", "VADocumentsDownload\VADocumentsDownload.csproj", "{249891DE-3F47-4B49-8D51-06B16CE7A904}"
EndProject
Project("{FAE04EC0-301F-11D3-BF4B-00C04F79EFBC}") = "CustomFields", "CustomFields\CustomFields.csproj", "{14531EA4-1F8D-4581-9AF2-FD17581F90A6}"
EndProject
Project("{FAE04EC0-301F-11D3-BF4B-00C04F79EFBC}") = "FSCAppPages", "FSCAppPages\FSCAppPages.csproj", "{44072966-D34C-44F9-8167-E188916CDED7}"
EndProject
Project("{FAE04EC0-301F-11D3-BF4B-00C04F79EFBC}") = "PersonalRemind", "PersonalRemind\PersonalRemind.csproj", "{0C4FE0D8-9566-4687-90E6-11CACA8284EF}"
EndProject
Project("{FAE04EC0-301F-11D3-BF4B-00C04F79EFBC}") = "AssistantResults", "AssistantResults\AssistantResults.csproj", "{7C68BBF7-43B0-4CA1-80BF-C7958E818215}"
EndProject
Project("{FAE04EC0-301F-11D3-BF4B-00C04F79EFBC}") = "ActivityStastics", "ActivityStastics\ActivityStastics.csproj", "{B6F84E8A-2A66-4251-85B7-BD7D2D3997A7}"
EndProject
Project("{FAE04EC0-301F-11D3-BF4B-00C04F79EFBC}") = "ComputeData", "ComputeData\ComputeData.csproj", "{2C931973-1C6B-46EF-9487-F7B9C3ADE73F}"
EndProject
Project("{FAE04EC0-301F-11D3-BF4B-00C04F79EFBC}") = "RoutinePlan", "RoutinePlan\RoutinePlan.csproj", "{01E7FF92-89AC-46A5-B2D3-3601D40EB0CA}"
EndProject
Project("{FAE04EC0-301F-11D3-BF4B-00C04F79EFBC}") = "FSCDLL", "FSCDLL\FSCDLL.csproj", "{94E8EC38-0585-4910-A538-BCC99F787ACC}"
EndProject
Global
	GlobalSection(SolutionConfigurationPlatforms) = preSolution
		Debug|Any CPU = Debug|Any CPU
		Release|Any CPU = Release|Any CPU
		WinForm|Any CPU = WinForm|Any CPU
	EndGlobalSection
	GlobalSection(ProjectConfigurationPlatforms) = postSolution
		{E3371BFD-6706-4749-AFFA-B2DD2CC9D417}.Debug|Any CPU.ActiveCfg = Debug|Any CPU
		{E3371BFD-6706-4749-AFFA-B2DD2CC9D417}.Debug|Any CPU.Build.0 = Debug|Any CPU
		{E3371BFD-6706-4749-AFFA-B2DD2CC9D417}.Debug|Any CPU.Deploy.0 = Debug|Any CPU
		{E3371BFD-6706-4749-AFFA-B2DD2CC9D417}.Release|Any CPU.ActiveCfg = Release|Any CPU
		{E3371BFD-6706-4749-AFFA-B2DD2CC9D417}.Release|Any CPU.Build.0 = Release|Any CPU
		{E3371BFD-6706-4749-AFFA-B2DD2CC9D417}.Release|Any CPU.Deploy.0 = Release|Any CPU
		{E3371BFD-6706-4749-AFFA-B2DD2CC9D417}.WinForm|Any CPU.ActiveCfg = Release|Any CPU
		{E3371BFD-6706-4749-AFFA-B2DD2CC9D417}.WinForm|Any CPU.Build.0 = Release|Any CPU
		{E3371BFD-6706-4749-AFFA-B2DD2CC9D417}.WinForm|Any CPU.Deploy.0 = Release|Any CPU
		{B739F32E-9184-4083-BDD2-34339BF0318E}.Debug|Any CPU.ActiveCfg = Debug|Any CPU
		{B739F32E-9184-4083-BDD2-34339BF0318E}.Debug|Any CPU.Build.0 = Debug|Any CPU
		{B739F32E-9184-4083-BDD2-34339BF0318E}.Debug|Any CPU.Deploy.0 = Debug|Any CPU
		{B739F32E-9184-4083-BDD2-34339BF0318E}.Release|Any CPU.ActiveCfg = Release|Any CPU
		{B739F32E-9184-4083-BDD2-34339BF0318E}.Release|Any CPU.Build.0 = Release|Any CPU
		{B739F32E-9184-4083-BDD2-34339BF0318E}.Release|Any CPU.Deploy.0 = Release|Any CPU
		{B739F32E-9184-4083-BDD2-34339BF0318E}.WinForm|Any CPU.ActiveCfg = WinForm|Any CPU
		{B739F32E-9184-4083-BDD2-34339BF0318E}.WinForm|Any CPU.Build.0 = WinForm|Any CPU
		{B739F32E-9184-4083-BDD2-34339BF0318E}.WinForm|Any CPU.Deploy.0 = WinForm|Any CPU
		{178A241D-CFC6-46F8-9F5A-29F702C1B3C9}.Debug|Any CPU.ActiveCfg = Debug|Any CPU
		{178A241D-CFC6-46F8-9F5A-29F702C1B3C9}.Debug|Any CPU.Build.0 = Debug|Any CPU
		{178A241D-CFC6-46F8-9F5A-29F702C1B3C9}.Debug|Any CPU.Deploy.0 = Debug|Any CPU
		{178A241D-CFC6-46F8-9F5A-29F702C1B3C9}.Release|Any CPU.ActiveCfg = Release|Any CPU
		{178A241D-CFC6-46F8-9F5A-29F702C1B3C9}.Release|Any CPU.Build.0 = Release|Any CPU
		{178A241D-CFC6-46F8-9F5A-29F702C1B3C9}.Release|Any CPU.Deploy.0 = Release|Any CPU
		{178A241D-CFC6-46F8-9F5A-29F702C1B3C9}.WinForm|Any CPU.ActiveCfg = Release|Any CPU
		{178A241D-CFC6-46F8-9F5A-29F702C1B3C9}.WinForm|Any CPU.Build.0 = Release|Any CPU
		{178A241D-CFC6-46F8-9F5A-29F702C1B3C9}.WinForm|Any CPU.Deploy.0 = Release|Any CPU
		{2CEE0D01-7584-435A-B7DC-C4EEF6C3BA5B}.Debug|Any CPU.ActiveCfg = Debug|Any CPU
		{2CEE0D01-7584-435A-B7DC-C4EEF6C3BA5B}.Debug|Any CPU.Build.0 = Debug|Any CPU
		{2CEE0D01-7584-435A-B7DC-C4EEF6C3BA5B}.Debug|Any CPU.Deploy.0 = Debug|Any CPU
		{2CEE0D01-7584-435A-B7DC-C4EEF6C3BA5B}.Release|Any CPU.ActiveCfg = Release|Any CPU
		{2CEE0D01-7584-435A-B7DC-C4EEF6C3BA5B}.Release|Any CPU.Build.0 = Release|Any CPU
		{2CEE0D01-7584-435A-B7DC-C4EEF6C3BA5B}.Release|Any CPU.Deploy.0 = Release|Any CPU
		{2CEE0D01-7584-435A-B7DC-C4EEF6C3BA5B}.WinForm|Any CPU.ActiveCfg = WinForm|Any CPU
		{2CEE0D01-7584-435A-B7DC-C4EEF6C3BA5B}.WinForm|Any CPU.Build.0 = WinForm|Any CPU
		{2CEE0D01-7584-435A-B7DC-C4EEF6C3BA5B}.WinForm|Any CPU.Deploy.0 = WinForm|Any CPU
		{A600BA4D-F2E9-4BFA-86CD-E5FCDF256262}.Debug|Any CPU.ActiveCfg = Debug|Any CPU
		{A600BA4D-F2E9-4BFA-86CD-E5FCDF256262}.Debug|Any CPU.Build.0 = Debug|Any CPU
		{A600BA4D-F2E9-4BFA-86CD-E5FCDF256262}.Debug|Any CPU.Deploy.0 = Debug|Any CPU
		{A600BA4D-F2E9-4BFA-86CD-E5FCDF256262}.Release|Any CPU.ActiveCfg = Release|Any CPU
		{A600BA4D-F2E9-4BFA-86CD-E5FCDF256262}.Release|Any CPU.Build.0 = Release|Any CPU
		{A600BA4D-F2E9-4BFA-86CD-E5FCDF256262}.Release|Any CPU.Deploy.0 = Release|Any CPU
		{A600BA4D-F2E9-4BFA-86CD-E5FCDF256262}.WinForm|Any CPU.ActiveCfg = WinForm|Any CPU
		{A600BA4D-F2E9-4BFA-86CD-E5FCDF256262}.WinForm|Any CPU.Build.0 = WinForm|Any CPU
		{A600BA4D-F2E9-4BFA-86CD-E5FCDF256262}.WinForm|Any CPU.Deploy.0 = WinForm|Any CPU
		{2B62BDC2-A614-434E-B416-C5FBCA082A33}.Debug|Any CPU.ActiveCfg = Debug|Any CPU
		{2B62BDC2-A614-434E-B416-C5FBCA082A33}.Debug|Any CPU.Build.0 = Debug|Any CPU
		{2B62BDC2-A614-434E-B416-C5FBCA082A33}.Debug|Any CPU.Deploy.0 = Debug|Any CPU
		{2B62BDC2-A614-434E-B416-C5FBCA082A33}.Release|Any CPU.ActiveCfg = Release|Any CPU
		{2B62BDC2-A614-434E-B416-C5FBCA082A33}.Release|Any CPU.Build.0 = Release|Any CPU
		{2B62BDC2-A614-434E-B416-C5FBCA082A33}.Release|Any CPU.Deploy.0 = Release|Any CPU
		{2B62BDC2-A614-434E-B416-C5FBCA082A33}.WinForm|Any CPU.ActiveCfg = Release|Any CPU
		{2B62BDC2-A614-434E-B416-C5FBCA082A33}.WinForm|Any CPU.Build.0 = Release|Any CPU
		{2B62BDC2-A614-434E-B416-C5FBCA082A33}.WinForm|Any CPU.Deploy.0 = Release|Any CPU
		{4BD585CB-A090-4049-A4A6-5135FF08E925}.Debug|Any CPU.ActiveCfg = Debug|Any CPU
		{4BD585CB-A090-4049-A4A6-5135FF08E925}.Debug|Any CPU.Build.0 = Debug|Any CPU
		{4BD585CB-A090-4049-A4A6-5135FF08E925}.Debug|Any CPU.Deploy.0 = Debug|Any CPU
		{4BD585CB-A090-4049-A4A6-5135FF08E925}.Release|Any CPU.ActiveCfg = Release|Any CPU
		{4BD585CB-A090-4049-A4A6-5135FF08E925}.Release|Any CPU.Build.0 = Release|Any CPU
		{4BD585CB-A090-4049-A4A6-5135FF08E925}.Release|Any CPU.Deploy.0 = Release|Any CPU
		{4BD585CB-A090-4049-A4A6-5135FF08E925}.WinForm|Any CPU.ActiveCfg = WinForm|Any CPU
		{4BD585CB-A090-4049-A4A6-5135FF08E925}.WinForm|Any CPU.Build.0 = WinForm|Any CPU
		{4BD585CB-A090-4049-A4A6-5135FF08E925}.WinForm|Any CPU.Deploy.0 = WinForm|Any CPU
		{44ED7B8F-AE11-4E4B-B9B7-B0F1192BBC6E}.Debug|Any CPU.ActiveCfg = Debug|Any CPU
		{44ED7B8F-AE11-4E4B-B9B7-B0F1192BBC6E}.Debug|Any CPU.Build.0 = Debug|Any CPU
		{44ED7B8F-AE11-4E4B-B9B7-B0F1192BBC6E}.Debug|Any CPU.Deploy.0 = Debug|Any CPU
		{44ED7B8F-AE11-4E4B-B9B7-B0F1192BBC6E}.Release|Any CPU.ActiveCfg = Release|Any CPU
		{44ED7B8F-AE11-4E4B-B9B7-B0F1192BBC6E}.Release|Any CPU.Build.0 = Release|Any CPU
		{44ED7B8F-AE11-4E4B-B9B7-B0F1192BBC6E}.Release|Any CPU.Deploy.0 = Release|Any CPU
		{44ED7B8F-AE11-4E4B-B9B7-B0F1192BBC6E}.WinForm|Any CPU.ActiveCfg = Release|Any CPU
		{44ED7B8F-AE11-4E4B-B9B7-B0F1192BBC6E}.WinForm|Any CPU.Build.0 = Release|Any CPU
		{44ED7B8F-AE11-4E4B-B9B7-B0F1192BBC6E}.WinForm|Any CPU.Deploy.0 = Release|Any CPU
		{A3728C7A-07B1-4286-B458-53C0D1A9B20C}.Debug|Any CPU.ActiveCfg = Debug|Any CPU
		{A3728C7A-07B1-4286-B458-53C0D1A9B20C}.Debug|Any CPU.Build.0 = Debug|Any CPU
		{A3728C7A-07B1-4286-B458-53C0D1A9B20C}.Debug|Any CPU.Deploy.0 = Debug|Any CPU
		{A3728C7A-07B1-4286-B458-53C0D1A9B20C}.Release|Any CPU.ActiveCfg = Release|Any CPU
		{A3728C7A-07B1-4286-B458-53C0D1A9B20C}.Release|Any CPU.Build.0 = Release|Any CPU
		{A3728C7A-07B1-4286-B458-53C0D1A9B20C}.Release|Any CPU.Deploy.0 = Release|Any CPU
		{A3728C7A-07B1-4286-B458-53C0D1A9B20C}.WinForm|Any CPU.ActiveCfg = Release|Any CPU
		{A3728C7A-07B1-4286-B458-53C0D1A9B20C}.WinForm|Any CPU.Build.0 = Release|Any CPU
		{A3728C7A-07B1-4286-B458-53C0D1A9B20C}.WinForm|Any CPU.Deploy.0 = Release|Any CPU
		{8DBE4423-3BE9-4523-B941-01FEF5494072}.Debug|Any CPU.ActiveCfg = Debug|Any CPU
		{8DBE4423-3BE9-4523-B941-01FEF5494072}.Debug|Any CPU.Build.0 = Debug|Any CPU
		{8DBE4423-3BE9-4523-B941-01FEF5494072}.Debug|Any CPU.Deploy.0 = Debug|Any CPU
		{8DBE4423-3BE9-4523-B941-01FEF5494072}.Release|Any CPU.ActiveCfg = Release|Any CPU
		{8DBE4423-3BE9-4523-B941-01FEF5494072}.Release|Any CPU.Build.0 = Release|Any CPU
		{8DBE4423-3BE9-4523-B941-01FEF5494072}.Release|Any CPU.Deploy.0 = Release|Any CPU
		{8DBE4423-3BE9-4523-B941-01FEF5494072}.WinForm|Any CPU.ActiveCfg = Release|Any CPU
		{8DBE4423-3BE9-4523-B941-01FEF5494072}.WinForm|Any CPU.Build.0 = Release|Any CPU
		{8DBE4423-3BE9-4523-B941-01FEF5494072}.WinForm|Any CPU.Deploy.0 = Release|Any CPU
		{7EF8B540-D986-4688-B586-F593A975DA88}.Debug|Any CPU.ActiveCfg = Debug|Any CPU
		{7EF8B540-D986-4688-B586-F593A975DA88}.Debug|Any CPU.Build.0 = Debug|Any CPU
		{7EF8B540-D986-4688-B586-F593A975DA88}.Debug|Any CPU.Deploy.0 = Debug|Any CPU
		{7EF8B540-D986-4688-B586-F593A975DA88}.Release|Any CPU.ActiveCfg = Release|Any CPU
		{7EF8B540-D986-4688-B586-F593A975DA88}.Release|Any CPU.Build.0 = Release|Any CPU
		{7EF8B540-D986-4688-B586-F593A975DA88}.Release|Any CPU.Deploy.0 = Release|Any CPU
		{7EF8B540-D986-4688-B586-F593A975DA88}.WinForm|Any CPU.ActiveCfg = WinForm|Any CPU
		{7EF8B540-D986-4688-B586-F593A975DA88}.WinForm|Any CPU.Build.0 = WinForm|Any CPU
		{7EF8B540-D986-4688-B586-F593A975DA88}.WinForm|Any CPU.Deploy.0 = WinForm|Any CPU
		{4071E4AF-F467-4A2D-9806-8199A7CCDD0C}.Debug|Any CPU.ActiveCfg = Debug|Any CPU
		{4071E4AF-F467-4A2D-9806-8199A7CCDD0C}.Debug|Any CPU.Build.0 = Debug|Any CPU
		{4071E4AF-F467-4A2D-9806-8199A7CCDD0C}.Debug|Any CPU.Deploy.0 = Debug|Any CPU
		{4071E4AF-F467-4A2D-9806-8199A7CCDD0C}.Release|Any CPU.ActiveCfg = Release|Any CPU
		{4071E4AF-F467-4A2D-9806-8199A7CCDD0C}.Release|Any CPU.Build.0 = Release|Any CPU
		{4071E4AF-F467-4A2D-9806-8199A7CCDD0C}.Release|Any CPU.Deploy.0 = Release|Any CPU
		{4071E4AF-F467-4A2D-9806-8199A7CCDD0C}.WinForm|Any CPU.ActiveCfg = WinForm|Any CPU
		{4071E4AF-F467-4A2D-9806-8199A7CCDD0C}.WinForm|Any CPU.Build.0 = WinForm|Any CPU
		{4071E4AF-F467-4A2D-9806-8199A7CCDD0C}.WinForm|Any CPU.Deploy.0 = WinForm|Any CPU
		{7A367857-54FD-4610-A68C-58913D83D67F}.Debug|Any CPU.ActiveCfg = Debug|Any CPU
		{7A367857-54FD-4610-A68C-58913D83D67F}.Debug|Any CPU.Build.0 = Debug|Any CPU
		{7A367857-54FD-4610-A68C-58913D83D67F}.Debug|Any CPU.Deploy.0 = Debug|Any CPU
		{7A367857-54FD-4610-A68C-58913D83D67F}.Release|Any CPU.ActiveCfg = Release|Any CPU
		{7A367857-54FD-4610-A68C-58913D83D67F}.Release|Any CPU.Build.0 = Release|Any CPU
		{7A367857-54FD-4610-A68C-58913D83D67F}.Release|Any CPU.Deploy.0 = Release|Any CPU
		{7A367857-54FD-4610-A68C-58913D83D67F}.WinForm|Any CPU.ActiveCfg = WinForm|Any CPU
		{7A367857-54FD-4610-A68C-58913D83D67F}.WinForm|Any CPU.Build.0 = WinForm|Any CPU
		{7A367857-54FD-4610-A68C-58913D83D67F}.WinForm|Any CPU.Deploy.0 = WinForm|Any CPU
		{ABBD41EA-464F-4D61-8DB0-6EA222CFBDBC}.Debug|Any CPU.ActiveCfg = Debug|Any CPU
		{ABBD41EA-464F-4D61-8DB0-6EA222CFBDBC}.Debug|Any CPU.Build.0 = Debug|Any CPU
		{ABBD41EA-464F-4D61-8DB0-6EA222CFBDBC}.Debug|Any CPU.Deploy.0 = Debug|Any CPU
		{ABBD41EA-464F-4D61-8DB0-6EA222CFBDBC}.Release|Any CPU.ActiveCfg = Release|Any CPU
		{ABBD41EA-464F-4D61-8DB0-6EA222CFBDBC}.Release|Any CPU.Build.0 = Release|Any CPU
		{ABBD41EA-464F-4D61-8DB0-6EA222CFBDBC}.Release|Any CPU.Deploy.0 = Release|Any CPU
		{ABBD41EA-464F-4D61-8DB0-6EA222CFBDBC}.WinForm|Any CPU.ActiveCfg = WinForm|Any CPU
		{ABBD41EA-464F-4D61-8DB0-6EA222CFBDBC}.WinForm|Any CPU.Build.0 = WinForm|Any CPU
		{ABBD41EA-464F-4D61-8DB0-6EA222CFBDBC}.WinForm|Any CPU.Deploy.0 = WinForm|Any CPU
		{70627569-6494-4487-A330-BD2D9851FD6F}.Debug|Any CPU.ActiveCfg = Debug|Any CPU
		{70627569-6494-4487-A330-BD2D9851FD6F}.Debug|Any CPU.Build.0 = Debug|Any CPU
		{70627569-6494-4487-A330-BD2D9851FD6F}.Debug|Any CPU.Deploy.0 = Debug|Any CPU
		{70627569-6494-4487-A330-BD2D9851FD6F}.Release|Any CPU.ActiveCfg = Release|Any CPU
		{70627569-6494-4487-A330-BD2D9851FD6F}.Release|Any CPU.Build.0 = Release|Any CPU
		{70627569-6494-4487-A330-BD2D9851FD6F}.Release|Any CPU.Deploy.0 = Release|Any CPU
		{70627569-6494-4487-A330-BD2D9851FD6F}.WinForm|Any CPU.ActiveCfg = WinForm|Any CPU
		{70627569-6494-4487-A330-BD2D9851FD6F}.WinForm|Any CPU.Build.0 = WinForm|Any CPU
		{70627569-6494-4487-A330-BD2D9851FD6F}.WinForm|Any CPU.Deploy.0 = WinForm|Any CPU
		{136DA34F-0FBF-4B50-BF9B-34F983A95921}.Debug|Any CPU.ActiveCfg = Debug|Any CPU
		{136DA34F-0FBF-4B50-BF9B-34F983A95921}.Debug|Any CPU.Build.0 = Debug|Any CPU
		{136DA34F-0FBF-4B50-BF9B-34F983A95921}.Debug|Any CPU.Deploy.0 = Debug|Any CPU
		{136DA34F-0FBF-4B50-BF9B-34F983A95921}.Release|Any CPU.ActiveCfg = Release|Any CPU
		{136DA34F-0FBF-4B50-BF9B-34F983A95921}.Release|Any CPU.Build.0 = Release|Any CPU
		{136DA34F-0FBF-4B50-BF9B-34F983A95921}.Release|Any CPU.Deploy.0 = Release|Any CPU
		{136DA34F-0FBF-4B50-BF9B-34F983A95921}.WinForm|Any CPU.ActiveCfg = Release|Any CPU
		{136DA34F-0FBF-4B50-BF9B-34F983A95921}.WinForm|Any CPU.Build.0 = Release|Any CPU
		{136DA34F-0FBF-4B50-BF9B-34F983A95921}.WinForm|Any CPU.Deploy.0 = Release|Any CPU
		{29C21428-5A18-45C0-8F13-1D998DD478A1}.Debug|Any CPU.ActiveCfg = Debug|Any CPU
		{29C21428-5A18-45C0-8F13-1D998DD478A1}.Debug|Any CPU.Build.0 = Debug|Any CPU
		{29C21428-5A18-45C0-8F13-1D998DD478A1}.Debug|Any CPU.Deploy.0 = Debug|Any CPU
		{29C21428-5A18-45C0-8F13-1D998DD478A1}.Release|Any CPU.ActiveCfg = Release|Any CPU
		{29C21428-5A18-45C0-8F13-1D998DD478A1}.Release|Any CPU.Build.0 = Release|Any CPU
		{29C21428-5A18-45C0-8F13-1D998DD478A1}.Release|Any CPU.Deploy.0 = Release|Any CPU
		{29C21428-5A18-45C0-8F13-1D998DD478A1}.WinForm|Any CPU.ActiveCfg = Release|Any CPU
		{29C21428-5A18-45C0-8F13-1D998DD478A1}.WinForm|Any CPU.Build.0 = Release|Any CPU
		{29C21428-5A18-45C0-8F13-1D998DD478A1}.WinForm|Any CPU.Deploy.0 = Release|Any CPU
		{5D7F68B5-5B2D-4F4F-A652-0D1A098E8FC2}.Debug|Any CPU.ActiveCfg = Debug|Any CPU
		{5D7F68B5-5B2D-4F4F-A652-0D1A098E8FC2}.Debug|Any CPU.Build.0 = Debug|Any CPU
		{5D7F68B5-5B2D-4F4F-A652-0D1A098E8FC2}.Debug|Any CPU.Deploy.0 = Debug|Any CPU
		{5D7F68B5-5B2D-4F4F-A652-0D1A098E8FC2}.Release|Any CPU.ActiveCfg = Release|Any CPU
		{5D7F68B5-5B2D-4F4F-A652-0D1A098E8FC2}.Release|Any CPU.Build.0 = Release|Any CPU
		{5D7F68B5-5B2D-4F4F-A652-0D1A098E8FC2}.Release|Any CPU.Deploy.0 = Release|Any CPU
		{5D7F68B5-5B2D-4F4F-A652-0D1A098E8FC2}.WinForm|Any CPU.ActiveCfg = Release|Any CPU
		{5D7F68B5-5B2D-4F4F-A652-0D1A098E8FC2}.WinForm|Any CPU.Build.0 = Release|Any CPU
		{5D7F68B5-5B2D-4F4F-A652-0D1A098E8FC2}.WinForm|Any CPU.Deploy.0 = Release|Any CPU
		{A0F05C83-A9AE-47D8-966C-60D11C710FD2}.Debug|Any CPU.ActiveCfg = Debug|Any CPU
		{A0F05C83-A9AE-47D8-966C-60D11C710FD2}.Debug|Any CPU.Build.0 = Debug|Any CPU
		{A0F05C83-A9AE-47D8-966C-60D11C710FD2}.Debug|Any CPU.Deploy.0 = Debug|Any CPU
		{A0F05C83-A9AE-47D8-966C-60D11C710FD2}.Release|Any CPU.ActiveCfg = Release|Any CPU
		{A0F05C83-A9AE-47D8-966C-60D11C710FD2}.Release|Any CPU.Build.0 = Release|Any CPU
		{A0F05C83-A9AE-47D8-966C-60D11C710FD2}.Release|Any CPU.Deploy.0 = Release|Any CPU
		{A0F05C83-A9AE-47D8-966C-60D11C710FD2}.WinForm|Any CPU.ActiveCfg = Release|Any CPU
		{A0F05C83-A9AE-47D8-966C-60D11C710FD2}.WinForm|Any CPU.Build.0 = Release|Any CPU
		{A0F05C83-A9AE-47D8-966C-60D11C710FD2}.WinForm|Any CPU.Deploy.0 = Release|Any CPU
		{B25AF3D2-8301-44D9-B6BE-969989605BEB}.Debug|Any CPU.ActiveCfg = Debug|Any CPU
		{B25AF3D2-8301-44D9-B6BE-969989605BEB}.Debug|Any CPU.Build.0 = Debug|Any CPU
		{B25AF3D2-8301-44D9-B6BE-969989605BEB}.Debug|Any CPU.Deploy.0 = Debug|Any CPU
		{B25AF3D2-8301-44D9-B6BE-969989605BEB}.Release|Any CPU.ActiveCfg = Release|Any CPU
		{B25AF3D2-8301-44D9-B6BE-969989605BEB}.Release|Any CPU.Build.0 = Release|Any CPU
		{B25AF3D2-8301-44D9-B6BE-969989605BEB}.Release|Any CPU.Deploy.0 = Release|Any CPU
		{B25AF3D2-8301-44D9-B6BE-969989605BEB}.WinForm|Any CPU.ActiveCfg = Release|Any CPU
		{B25AF3D2-8301-44D9-B6BE-969989605BEB}.WinForm|Any CPU.Build.0 = Release|Any CPU
		{B25AF3D2-8301-44D9-B6BE-969989605BEB}.WinForm|Any CPU.Deploy.0 = Release|Any CPU
		{59BFD0B6-A609-4BEB-B15B-68B9BB6D454C}.Debug|Any CPU.ActiveCfg = Debug|Any CPU
		{59BFD0B6-A609-4BEB-B15B-68B9BB6D454C}.Debug|Any CPU.Build.0 = Debug|Any CPU
		{59BFD0B6-A609-4BEB-B15B-68B9BB6D454C}.Debug|Any CPU.Deploy.0 = Debug|Any CPU
		{59BFD0B6-A609-4BEB-B15B-68B9BB6D454C}.Release|Any CPU.ActiveCfg = Release|Any CPU
		{59BFD0B6-A609-4BEB-B15B-68B9BB6D454C}.Release|Any CPU.Build.0 = Release|Any CPU
		{59BFD0B6-A609-4BEB-B15B-68B9BB6D454C}.Release|Any CPU.Deploy.0 = Release|Any CPU
		{59BFD0B6-A609-4BEB-B15B-68B9BB6D454C}.WinForm|Any CPU.ActiveCfg = WinForm|Any CPU
		{59BFD0B6-A609-4BEB-B15B-68B9BB6D454C}.WinForm|Any CPU.Build.0 = WinForm|Any CPU
		{59BFD0B6-A609-4BEB-B15B-68B9BB6D454C}.WinForm|Any CPU.Deploy.0 = WinForm|Any CPU
		{1D0F2AC8-2107-4D4F-B4F5-FEE9E117D7C8}.Debug|Any CPU.ActiveCfg = Debug|Any CPU
		{1D0F2AC8-2107-4D4F-B4F5-FEE9E117D7C8}.Debug|Any CPU.Build.0 = Debug|Any CPU
		{1D0F2AC8-2107-4D4F-B4F5-FEE9E117D7C8}.Debug|Any CPU.Deploy.0 = Debug|Any CPU
		{1D0F2AC8-2107-4D4F-B4F5-FEE9E117D7C8}.Release|Any CPU.ActiveCfg = Release|Any CPU
		{1D0F2AC8-2107-4D4F-B4F5-FEE9E117D7C8}.Release|Any CPU.Build.0 = Release|Any CPU
		{1D0F2AC8-2107-4D4F-B4F5-FEE9E117D7C8}.Release|Any CPU.Deploy.0 = Release|Any CPU
		{1D0F2AC8-2107-4D4F-B4F5-FEE9E117D7C8}.WinForm|Any CPU.ActiveCfg = Release|Any CPU
		{1D0F2AC8-2107-4D4F-B4F5-FEE9E117D7C8}.WinForm|Any CPU.Build.0 = Release|Any CPU
		{1D0F2AC8-2107-4D4F-B4F5-FEE9E117D7C8}.WinForm|Any CPU.Deploy.0 = Release|Any CPU
		{1429E9EC-5A88-4EB1-81BE-48CED5073B7E}.Debug|Any CPU.ActiveCfg = Debug|Any CPU
		{1429E9EC-5A88-4EB1-81BE-48CED5073B7E}.Debug|Any CPU.Build.0 = Debug|Any CPU
		{1429E9EC-5A88-4EB1-81BE-48CED5073B7E}.Debug|Any CPU.Deploy.0 = Debug|Any CPU
		{1429E9EC-5A88-4EB1-81BE-48CED5073B7E}.Release|Any CPU.ActiveCfg = Release|Any CPU
		{1429E9EC-5A88-4EB1-81BE-48CED5073B7E}.Release|Any CPU.Build.0 = Release|Any CPU
		{1429E9EC-5A88-4EB1-81BE-48CED5073B7E}.Release|Any CPU.Deploy.0 = Release|Any CPU
		{1429E9EC-5A88-4EB1-81BE-48CED5073B7E}.WinForm|Any CPU.ActiveCfg = WinForm|Any CPU
		{1429E9EC-5A88-4EB1-81BE-48CED5073B7E}.WinForm|Any CPU.Build.0 = WinForm|Any CPU
		{1429E9EC-5A88-4EB1-81BE-48CED5073B7E}.WinForm|Any CPU.Deploy.0 = WinForm|Any CPU
		{366D8319-1246-4221-8EEC-E07AEDC0B0D0}.Debug|Any CPU.ActiveCfg = Debug|Any CPU
		{366D8319-1246-4221-8EEC-E07AEDC0B0D0}.Debug|Any CPU.Build.0 = Debug|Any CPU
		{366D8319-1246-4221-8EEC-E07AEDC0B0D0}.Debug|Any CPU.Deploy.0 = Debug|Any CPU
		{366D8319-1246-4221-8EEC-E07AEDC0B0D0}.Release|Any CPU.ActiveCfg = Release|Any CPU
		{366D8319-1246-4221-8EEC-E07AEDC0B0D0}.Release|Any CPU.Build.0 = Release|Any CPU
		{366D8319-1246-4221-8EEC-E07AEDC0B0D0}.Release|Any CPU.Deploy.0 = Release|Any CPU
		{366D8319-1246-4221-8EEC-E07AEDC0B0D0}.WinForm|Any CPU.ActiveCfg = WinForm|Any CPU
		{366D8319-1246-4221-8EEC-E07AEDC0B0D0}.WinForm|Any CPU.Build.0 = WinForm|Any CPU
		{366D8319-1246-4221-8EEC-E07AEDC0B0D0}.WinForm|Any CPU.Deploy.0 = WinForm|Any CPU
		{0A11D6A6-769D-40F5-8257-CC6C4A94B802}.Debug|Any CPU.ActiveCfg = Debug|Any CPU
		{0A11D6A6-769D-40F5-8257-CC6C4A94B802}.Debug|Any CPU.Build.0 = Debug|Any CPU
		{0A11D6A6-769D-40F5-8257-CC6C4A94B802}.Debug|Any CPU.Deploy.0 = Debug|Any CPU
		{0A11D6A6-769D-40F5-8257-CC6C4A94B802}.Release|Any CPU.ActiveCfg = Release|Any CPU
		{0A11D6A6-769D-40F5-8257-CC6C4A94B802}.Release|Any CPU.Build.0 = Release|Any CPU
		{0A11D6A6-769D-40F5-8257-CC6C4A94B802}.Release|Any CPU.Deploy.0 = Release|Any CPU
		{0A11D6A6-769D-40F5-8257-CC6C4A94B802}.WinForm|Any CPU.ActiveCfg = WinForm|Any CPU
		{0A11D6A6-769D-40F5-8257-CC6C4A94B802}.WinForm|Any CPU.Build.0 = WinForm|Any CPU
		{0A11D6A6-769D-40F5-8257-CC6C4A94B802}.WinForm|Any CPU.Deploy.0 = WinForm|Any CPU
		{58EFBCA4-C1E7-4BE1-B25B-016DAEAE140A}.Debug|Any CPU.ActiveCfg = Debug|Any CPU
		{58EFBCA4-C1E7-4BE1-B25B-016DAEAE140A}.Debug|Any CPU.Build.0 = Debug|Any CPU
		{58EFBCA4-C1E7-4BE1-B25B-016DAEAE140A}.Debug|Any CPU.Deploy.0 = Debug|Any CPU
		{58EFBCA4-C1E7-4BE1-B25B-016DAEAE140A}.Release|Any CPU.ActiveCfg = Release|Any CPU
		{58EFBCA4-C1E7-4BE1-B25B-016DAEAE140A}.Release|Any CPU.Build.0 = Release|Any CPU
		{58EFBCA4-C1E7-4BE1-B25B-016DAEAE140A}.Release|Any CPU.Deploy.0 = Release|Any CPU
		{58EFBCA4-C1E7-4BE1-B25B-016DAEAE140A}.WinForm|Any CPU.ActiveCfg = Release|Any CPU
		{58EFBCA4-C1E7-4BE1-B25B-016DAEAE140A}.WinForm|Any CPU.Build.0 = Release|Any CPU
		{58EFBCA4-C1E7-4BE1-B25B-016DAEAE140A}.WinForm|Any CPU.Deploy.0 = Release|Any CPU
		{1B49916B-99BE-47FC-B01C-61F8C4AC93A8}.Debug|Any CPU.ActiveCfg = Debug|Any CPU
		{1B49916B-99BE-47FC-B01C-61F8C4AC93A8}.Debug|Any CPU.Build.0 = Debug|Any CPU
		{1B49916B-99BE-47FC-B01C-61F8C4AC93A8}.Debug|Any CPU.Deploy.0 = Debug|Any CPU
		{1B49916B-99BE-47FC-B01C-61F8C4AC93A8}.Release|Any CPU.ActiveCfg = Release|Any CPU
		{1B49916B-99BE-47FC-B01C-61F8C4AC93A8}.Release|Any CPU.Build.0 = Release|Any CPU
		{1B49916B-99BE-47FC-B01C-61F8C4AC93A8}.Release|Any CPU.Deploy.0 = Release|Any CPU
		{1B49916B-99BE-47FC-B01C-61F8C4AC93A8}.WinForm|Any CPU.ActiveCfg = Release|Any CPU
		{1B49916B-99BE-47FC-B01C-61F8C4AC93A8}.WinForm|Any CPU.Build.0 = Release|Any CPU
		{1B49916B-99BE-47FC-B01C-61F8C4AC93A8}.WinForm|Any CPU.Deploy.0 = Release|Any CPU
		{A3A8805D-708B-4CE4-9FC5-F192EF9896FD}.Debug|Any CPU.ActiveCfg = Debug|Any CPU
		{A3A8805D-708B-4CE4-9FC5-F192EF9896FD}.Debug|Any CPU.Build.0 = Debug|Any CPU
		{A3A8805D-708B-4CE4-9FC5-F192EF9896FD}.Debug|Any CPU.Deploy.0 = Debug|Any CPU
		{A3A8805D-708B-4CE4-9FC5-F192EF9896FD}.Release|Any CPU.ActiveCfg = Release|Any CPU
		{A3A8805D-708B-4CE4-9FC5-F192EF9896FD}.Release|Any CPU.Build.0 = Release|Any CPU
		{A3A8805D-708B-4CE4-9FC5-F192EF9896FD}.Release|Any CPU.Deploy.0 = Release|Any CPU
		{A3A8805D-708B-4CE4-9FC5-F192EF9896FD}.WinForm|Any CPU.ActiveCfg = Release|Any CPU
		{A3A8805D-708B-4CE4-9FC5-F192EF9896FD}.WinForm|Any CPU.Build.0 = Release|Any CPU
		{A3A8805D-708B-4CE4-9FC5-F192EF9896FD}.WinForm|Any CPU.Deploy.0 = Release|Any CPU
		{CA1C6078-9E3B-4BAF-9D6D-2AF2170C8E65}.Debug|Any CPU.ActiveCfg = Debug|Any CPU
		{CA1C6078-9E3B-4BAF-9D6D-2AF2170C8E65}.Debug|Any CPU.Build.0 = Debug|Any CPU
		{CA1C6078-9E3B-4BAF-9D6D-2AF2170C8E65}.Debug|Any CPU.Deploy.0 = Debug|Any CPU
		{CA1C6078-9E3B-4BAF-9D6D-2AF2170C8E65}.Release|Any CPU.ActiveCfg = Release|Any CPU
		{CA1C6078-9E3B-4BAF-9D6D-2AF2170C8E65}.Release|Any CPU.Build.0 = Release|Any CPU
		{CA1C6078-9E3B-4BAF-9D6D-2AF2170C8E65}.Release|Any CPU.Deploy.0 = Release|Any CPU
		{CA1C6078-9E3B-4BAF-9D6D-2AF2170C8E65}.WinForm|Any CPU.ActiveCfg = Release|Any CPU
		{CA1C6078-9E3B-4BAF-9D6D-2AF2170C8E65}.WinForm|Any CPU.Build.0 = Release|Any CPU
		{CA1C6078-9E3B-4BAF-9D6D-2AF2170C8E65}.WinForm|Any CPU.Deploy.0 = Release|Any CPU
		{F81DD654-A0B6-4FE3-8CFB-EA1CE45C87D9}.Debug|Any CPU.ActiveCfg = Debug|Any CPU
		{F81DD654-A0B6-4FE3-8CFB-EA1CE45C87D9}.Debug|Any CPU.Build.0 = Debug|Any CPU
		{F81DD654-A0B6-4FE3-8CFB-EA1CE45C87D9}.Debug|Any CPU.Deploy.0 = Debug|Any CPU
		{F81DD654-A0B6-4FE3-8CFB-EA1CE45C87D9}.Release|Any CPU.ActiveCfg = Release|Any CPU
		{F81DD654-A0B6-4FE3-8CFB-EA1CE45C87D9}.Release|Any CPU.Build.0 = Release|Any CPU
		{F81DD654-A0B6-4FE3-8CFB-EA1CE45C87D9}.Release|Any CPU.Deploy.0 = Release|Any CPU
		{F81DD654-A0B6-4FE3-8CFB-EA1CE45C87D9}.WinForm|Any CPU.ActiveCfg = Release|Any CPU
		{F81DD654-A0B6-4FE3-8CFB-EA1CE45C87D9}.WinForm|Any CPU.Build.0 = Release|Any CPU
		{F81DD654-A0B6-4FE3-8CFB-EA1CE45C87D9}.WinForm|Any CPU.Deploy.0 = Release|Any CPU
		{FFE65426-76A3-4577-873E-2AFD08CA08E0}.Debug|Any CPU.ActiveCfg = Debug|Any CPU
		{FFE65426-76A3-4577-873E-2AFD08CA08E0}.Debug|Any CPU.Build.0 = Debug|Any CPU
		{FFE65426-76A3-4577-873E-2AFD08CA08E0}.Debug|Any CPU.Deploy.0 = Debug|Any CPU
		{FFE65426-76A3-4577-873E-2AFD08CA08E0}.Release|Any CPU.ActiveCfg = Release|Any CPU
		{FFE65426-76A3-4577-873E-2AFD08CA08E0}.Release|Any CPU.Build.0 = Release|Any CPU
		{FFE65426-76A3-4577-873E-2AFD08CA08E0}.Release|Any CPU.Deploy.0 = Release|Any CPU
		{FFE65426-76A3-4577-873E-2AFD08CA08E0}.WinForm|Any CPU.ActiveCfg = Release|Any CPU
		{FFE65426-76A3-4577-873E-2AFD08CA08E0}.WinForm|Any CPU.Build.0 = Release|Any CPU
		{FFE65426-76A3-4577-873E-2AFD08CA08E0}.WinForm|Any CPU.Deploy.0 = Release|Any CPU
		{71AF2556-6976-4593-81DD-7B8ED1427866}.Debug|Any CPU.ActiveCfg = Debug|Any CPU
		{71AF2556-6976-4593-81DD-7B8ED1427866}.Debug|Any CPU.Build.0 = Debug|Any CPU
		{71AF2556-6976-4593-81DD-7B8ED1427866}.Debug|Any CPU.Deploy.0 = Debug|Any CPU
		{71AF2556-6976-4593-81DD-7B8ED1427866}.Release|Any CPU.ActiveCfg = Release|Any CPU
		{71AF2556-6976-4593-81DD-7B8ED1427866}.Release|Any CPU.Build.0 = Release|Any CPU
		{71AF2556-6976-4593-81DD-7B8ED1427866}.Release|Any CPU.Deploy.0 = Release|Any CPU
		{71AF2556-6976-4593-81DD-7B8ED1427866}.WinForm|Any CPU.ActiveCfg = WinForm|Any CPU
		{71AF2556-6976-4593-81DD-7B8ED1427866}.WinForm|Any CPU.Build.0 = WinForm|Any CPU
		{71AF2556-6976-4593-81DD-7B8ED1427866}.WinForm|Any CPU.Deploy.0 = WinForm|Any CPU
		{249891DE-3F47-4B49-8D51-06B16CE7A904}.Debug|Any CPU.ActiveCfg = Debug|Any CPU
		{249891DE-3F47-4B49-8D51-06B16CE7A904}.Debug|Any CPU.Build.0 = Debug|Any CPU
		{249891DE-3F47-4B49-8D51-06B16CE7A904}.Debug|Any CPU.Deploy.0 = Debug|Any CPU
		{249891DE-3F47-4B49-8D51-06B16CE7A904}.Release|Any CPU.ActiveCfg = Release|Any CPU
		{249891DE-3F47-4B49-8D51-06B16CE7A904}.Release|Any CPU.Build.0 = Release|Any CPU
		{249891DE-3F47-4B49-8D51-06B16CE7A904}.Release|Any CPU.Deploy.0 = Release|Any CPU
		{249891DE-3F47-4B49-8D51-06B16CE7A904}.WinForm|Any CPU.ActiveCfg = Release|Any CPU
		{249891DE-3F47-4B49-8D51-06B16CE7A904}.WinForm|Any CPU.Build.0 = Release|Any CPU
		{249891DE-3F47-4B49-8D51-06B16CE7A904}.WinForm|Any CPU.Deploy.0 = Release|Any CPU
		{14531EA4-1F8D-4581-9AF2-FD17581F90A6}.Debug|Any CPU.ActiveCfg = Debug|Any CPU
		{14531EA4-1F8D-4581-9AF2-FD17581F90A6}.Debug|Any CPU.Build.0 = Debug|Any CPU
		{14531EA4-1F8D-4581-9AF2-FD17581F90A6}.Debug|Any CPU.Deploy.0 = Debug|Any CPU
		{14531EA4-1F8D-4581-9AF2-FD17581F90A6}.Release|Any CPU.ActiveCfg = Release|Any CPU
		{14531EA4-1F8D-4581-9AF2-FD17581F90A6}.Release|Any CPU.Build.0 = Release|Any CPU
		{14531EA4-1F8D-4581-9AF2-FD17581F90A6}.Release|Any CPU.Deploy.0 = Release|Any CPU
		{14531EA4-1F8D-4581-9AF2-FD17581F90A6}.WinForm|Any CPU.ActiveCfg = Release|Any CPU
		{14531EA4-1F8D-4581-9AF2-FD17581F90A6}.WinForm|Any CPU.Build.0 = Release|Any CPU
		{14531EA4-1F8D-4581-9AF2-FD17581F90A6}.WinForm|Any CPU.Deploy.0 = Release|Any CPU
		{44072966-D34C-44F9-8167-E188916CDED7}.Debug|Any CPU.ActiveCfg = Debug|Any CPU
		{44072966-D34C-44F9-8167-E188916CDED7}.Debug|Any CPU.Build.0 = Debug|Any CPU
		{44072966-D34C-44F9-8167-E188916CDED7}.Debug|Any CPU.Deploy.0 = Debug|Any CPU
		{44072966-D34C-44F9-8167-E188916CDED7}.Release|Any CPU.ActiveCfg = Release|Any CPU
		{44072966-D34C-44F9-8167-E188916CDED7}.Release|Any CPU.Build.0 = Release|Any CPU
		{44072966-D34C-44F9-8167-E188916CDED7}.Release|Any CPU.Deploy.0 = Release|Any CPU
		{44072966-D34C-44F9-8167-E188916CDED7}.WinForm|Any CPU.ActiveCfg = Release|Any CPU
		{44072966-D34C-44F9-8167-E188916CDED7}.WinForm|Any CPU.Build.0 = Release|Any CPU
		{44072966-D34C-44F9-8167-E188916CDED7}.WinForm|Any CPU.Deploy.0 = Release|Any CPU
		{0C4FE0D8-9566-4687-90E6-11CACA8284EF}.Debug|Any CPU.ActiveCfg = Debug|Any CPU
		{0C4FE0D8-9566-4687-90E6-11CACA8284EF}.Debug|Any CPU.Build.0 = Debug|Any CPU
		{0C4FE0D8-9566-4687-90E6-11CACA8284EF}.Debug|Any CPU.Deploy.0 = Debug|Any CPU
		{0C4FE0D8-9566-4687-90E6-11CACA8284EF}.Release|Any CPU.ActiveCfg = Release|Any CPU
		{0C4FE0D8-9566-4687-90E6-11CACA8284EF}.Release|Any CPU.Build.0 = Release|Any CPU
		{0C4FE0D8-9566-4687-90E6-11CACA8284EF}.Release|Any CPU.Deploy.0 = Release|Any CPU
		{0C4FE0D8-9566-4687-90E6-11CACA8284EF}.WinForm|Any CPU.ActiveCfg = Release|Any CPU
		{0C4FE0D8-9566-4687-90E6-11CACA8284EF}.WinForm|Any CPU.Build.0 = Release|Any CPU
		{0C4FE0D8-9566-4687-90E6-11CACA8284EF}.WinForm|Any CPU.Deploy.0 = Release|Any CPU
		{7C68BBF7-43B0-4CA1-80BF-C7958E818215}.Debug|Any CPU.ActiveCfg = Debug|Any CPU
		{7C68BBF7-43B0-4CA1-80BF-C7958E818215}.Debug|Any CPU.Build.0 = Debug|Any CPU
		{7C68BBF7-43B0-4CA1-80BF-C7958E818215}.Debug|Any CPU.Deploy.0 = Debug|Any CPU
		{7C68BBF7-43B0-4CA1-80BF-C7958E818215}.Release|Any CPU.ActiveCfg = Release|Any CPU
		{7C68BBF7-43B0-4CA1-80BF-C7958E818215}.Release|Any CPU.Build.0 = Release|Any CPU
		{7C68BBF7-43B0-4CA1-80BF-C7958E818215}.Release|Any CPU.Deploy.0 = Release|Any CPU
		{7C68BBF7-43B0-4CA1-80BF-C7958E818215}.WinForm|Any CPU.ActiveCfg = Release|Any CPU
		{7C68BBF7-43B0-4CA1-80BF-C7958E818215}.WinForm|Any CPU.Build.0 = Release|Any CPU
		{7C68BBF7-43B0-4CA1-80BF-C7958E818215}.WinForm|Any CPU.Deploy.0 = Release|Any CPU
		{B6F84E8A-2A66-4251-85B7-BD7D2D3997A7}.Debug|Any CPU.ActiveCfg = Debug|Any CPU
		{B6F84E8A-2A66-4251-85B7-BD7D2D3997A7}.Debug|Any CPU.Build.0 = Debug|Any CPU
		{B6F84E8A-2A66-4251-85B7-BD7D2D3997A7}.Debug|Any CPU.Deploy.0 = Debug|Any CPU
		{B6F84E8A-2A66-4251-85B7-BD7D2D3997A7}.Release|Any CPU.ActiveCfg = Release|Any CPU
		{B6F84E8A-2A66-4251-85B7-BD7D2D3997A7}.Release|Any CPU.Build.0 = Release|Any CPU
		{B6F84E8A-2A66-4251-85B7-BD7D2D3997A7}.Release|Any CPU.Deploy.0 = Release|Any CPU
		{B6F84E8A-2A66-4251-85B7-BD7D2D3997A7}.WinForm|Any CPU.ActiveCfg = Release|Any CPU
		{B6F84E8A-2A66-4251-85B7-BD7D2D3997A7}.WinForm|Any CPU.Build.0 = Release|Any CPU
		{B6F84E8A-2A66-4251-85B7-BD7D2D3997A7}.WinForm|Any CPU.Deploy.0 = Release|Any CPU
		{2C931973-1C6B-46EF-9487-F7B9C3ADE73F}.Debug|Any CPU.ActiveCfg = Debug|Any CPU
		{2C931973-1C6B-46EF-9487-F7B9C3ADE73F}.Debug|Any CPU.Build.0 = Debug|Any CPU
		{2C931973-1C6B-46EF-9487-F7B9C3ADE73F}.Release|Any CPU.ActiveCfg = Release|Any CPU
		{2C931973-1C6B-46EF-9487-F7B9C3ADE73F}.Release|Any CPU.Build.0 = Release|Any CPU
		{2C931973-1C6B-46EF-9487-F7B9C3ADE73F}.WinForm|Any CPU.ActiveCfg = Release|Any CPU
		{2C931973-1C6B-46EF-9487-F7B9C3ADE73F}.WinForm|Any CPU.Build.0 = Release|Any CPU
		{01E7FF92-89AC-46A5-B2D3-3601D40EB0CA}.Debug|Any CPU.ActiveCfg = Debug|Any CPU
		{01E7FF92-89AC-46A5-B2D3-3601D40EB0CA}.Debug|Any CPU.Build.0 = Debug|Any CPU
		{01E7FF92-89AC-46A5-B2D3-3601D40EB0CA}.Debug|Any CPU.Deploy.0 = Debug|Any CPU
		{01E7FF92-89AC-46A5-B2D3-3601D40EB0CA}.Release|Any CPU.ActiveCfg = Release|Any CPU
		{01E7FF92-89AC-46A5-B2D3-3601D40EB0CA}.Release|Any CPU.Build.0 = Release|Any CPU
		{01E7FF92-89AC-46A5-B2D3-3601D40EB0CA}.Release|Any CPU.Deploy.0 = Release|Any CPU
		{01E7FF92-89AC-46A5-B2D3-3601D40EB0CA}.WinForm|Any CPU.ActiveCfg = Release|Any CPU
		{01E7FF92-89AC-46A5-B2D3-3601D40EB0CA}.WinForm|Any CPU.Build.0 = Release|Any CPU
		{01E7FF92-89AC-46A5-B2D3-3601D40EB0CA}.WinForm|Any CPU.Deploy.0 = Release|Any CPU
		{94E8EC38-0585-4910-A538-BCC99F787ACC}.Debug|Any CPU.ActiveCfg = Debug|Any CPU
		{94E8EC38-0585-4910-A538-BCC99F787ACC}.Debug|Any CPU.Build.0 = Debug|Any CPU
		{94E8EC38-0585-4910-A538-BCC99F787ACC}.Release|Any CPU.ActiveCfg = Release|Any CPU
		{94E8EC38-0585-4910-A538-BCC99F787ACC}.Release|Any CPU.Build.0 = Release|Any CPU
		{94E8EC38-0585-4910-A538-BCC99F787ACC}.WinForm|Any CPU.ActiveCfg = Release|Any CPU
		{94E8EC38-0585-4910-A538-BCC99F787ACC}.WinForm|Any CPU.Build.0 = Release|Any CPU
	EndGlobalSection
	GlobalSection(SolutionProperties) = preSolution
		HideSolutionNode = FALSE
	EndGlobalSection
	
EndGlobal
